
Microsoft Visual Studio Solution File, Format Version 12.00
# Visual Studio Version 17
VisualStudioVersion = 17.9.34714.143
MinimumVisualStudioVersion = 10.0.40219.1
Project("{FAE04EC0-301F-11D3-BF4B-00C04F79EFBC}") = "GUI", "GUI\GUI.csproj", "{D53A175D-CAD9-4926-B37A-7818C9667208}"
EndProject
Project("{FAE04EC0-301F-11D3-BF4B-00C04F79EFBC}") = "BLL", "BLL\BLL.csproj", "{797619CD-DCA6-467E-A9B3-E5BDD3CC194A}"
EndProject
Project("{FAE04EC0-301F-11D3-BF4B-00C04F79EFBC}") = "DAL", "DAL\DAL.csproj", "{E0F6B6F1-2483-4625-960B-71E0F5C55890}"
EndProject
Project("{FAE04EC0-301F-11D3-BF4B-00C04F79EFBC}") = "DTO", "DTO\DTO.csproj", "{FE82FED5-EDE9-4DCA-8CED-A278A3F80E40}"
EndProject
Project("{2150E333-8FDC-42A3-9474-1A3956D46DE8}") = "Solution Items", "Solution Items", "{B0CC0FE1-55A2-48B7-BA08-58AB7D2367A0}"
	ProjectSection(SolutionItems) = preProject
		.gitignore = .gitignore
	EndProjectSection
EndProject
Global
	GlobalSection(SolutionConfigurationPlatforms) = preSolution
		Debug|Any CPU = Debug|Any CPU
		Release|Any CPU = Release|Any CPU
	EndGlobalSection
	GlobalSection(ProjectConfigurationPlatforms) = postSolution
		{D53A175D-CAD9-4926-B37A-7818C9667208}.Debug|Any CPU.ActiveCfg = Debug|Any CPU
		{D53A175D-CAD9-4926-B37A-7818C9667208}.Debug|Any CPU.Build.0 = Debug|Any CPU
		{D53A175D-CAD9-4926-B37A-7818C9667208}.Release|Any CPU.ActiveCfg = Release|Any CPU
		{D53A175D-CAD9-4926-B37A-7818C9667208}.Release|Any CPU.Build.0 = Release|Any CPU
		{797619CD-DCA6-467E-A9B3-E5BDD3CC194A}.Debug|Any CPU.ActiveCfg = Debug|Any CPU
		{797619CD-DCA6-467E-A9B3-E5BDD3CC194A}.Debug|Any CPU.Build.0 = Debug|Any CPU
		{797619CD-DCA6-467E-A9B3-E5BDD3CC194A}.Release|Any CPU.ActiveCfg = Release|Any CPU
		{797619CD-DCA6-467E-A9B3-E5BDD3CC194A}.Release|Any CPU.Build.0 = Release|Any CPU
		{E0F6B6F1-2483-4625-960B-71E0F5C55890}.Debug|Any CPU.ActiveCfg = Debug|Any CPU
		{E0F6B6F1-2483-4625-960B-71E0F5C55890}.Debug|Any CPU.Build.0 = Debug|Any CPU
		{E0F6B6F1-2483-4625-960B-71E0F5C55890}.Release|Any CPU.ActiveCfg = Release|Any CPU
		{E0F6B6F1-2483-4625-960B-71E0F5C55890}.Release|Any CPU.Build.0 = Release|Any CPU
		{FE82FED5-EDE9-4DCA-8CED-A278A3F80E40}.Debug|Any CPU.ActiveCfg = Debug|Any CPU
		{FE82FED5-EDE9-4DCA-8CED-A278A3F80E40}.Debug|Any CPU.Build.0 = Debug|Any CPU
		{FE82FED5-EDE9-4DCA-8CED-A278A3F80E40}.Release|Any CPU.ActiveCfg = Release|Any CPU
		{FE82FED5-EDE9-4DCA-8CED-A278A3F80E40}.Release|Any CPU.Build.0 = Release|Any CPU
	EndGlobalSection
	GlobalSection(SolutionProperties) = preSolution
		HideSolutionNode = FALSE
	EndGlobalSection
	GlobalSection(ExtensibilityGlobals) = postSolution
		SolutionGuid = {0A1ECDE0-CD55-4721-99A3-BEE35BFF2A3D}
	EndGlobalSection
EndGlobal
